
Microsoft Visual Studio Solution File, Format Version 12.00
# Visual Studio Version 16
VisualStudioVersion = 16.0.33423.256
MinimumVisualStudioVersion = 10.0.40219.1
Project("{FAE04EC0-301F-11D3-BF4B-00C04F79EFBC}") = "Client", "Client\Client.csproj", "{9CDB85CF-5751-4DF2-9D26-E3A746AE3D47}"
EndProject
Global
	GlobalSection(SolutionConfigurationPlatforms) = preSolution
		Debug|Any CPU = Debug|Any CPU
		Release|Any CPU = Release|Any CPU
	EndGlobalSection
	GlobalSection(ProjectConfigurationPlatforms) = postSolution
		{9CDB85CF-5751-4DF2-9D26-E3A746AE3D47}.Debug|Any CPU.ActiveCfg = Debug|Any CPU
		{9CDB85CF-5751-4DF2-9D26-E3A746AE3D47}.Debug|Any CPU.Build.0 = Debug|Any CPU
		{9CDB85CF-5751-4DF2-9D26-E3A746AE3D47}.Release|Any CPU.ActiveCfg = Release|Any CPU
		{9CDB85CF-5751-4DF2-9D26-E3A746AE3D47}.Release|Any CPU.Build.0 = Release|Any CPU
	EndGlobalSection
	GlobalSection(SolutionProperties) = preSolution
		HideSolutionNode = FALSE
	EndGlobalSection
	GlobalSection(ExtensibilityGlobals) = postSolution
		SolutionGuid = {1750C60E-55C1-4E48-BD2A-631247D6C44A}
	EndGlobalSection
EndGlobal
