
Microsoft Visual Studio Solution File, Format Version 12.00
# Visual Studio Version 17
VisualStudioVersion = 17.5.33530.505
MinimumVisualStudioVersion = 10.0.40219.1
Project("{FAE04EC0-301F-11D3-BF4B-00C04F79EFBC}") = "Lab3", "Lab3\Lab3.csproj", "{79A7FA25-AB5F-4DFA-9A4F-F4969CF7EF88}"
EndProject
Project("{FAE04EC0-301F-11D3-BF4B-00C04F79EFBC}") = "Bai4", "Bai4\Bai4\Bai4.csproj", "{6069CD8A-92A4-4E4B-99B4-DB646993CE77}"
EndProject
Project("{FAE04EC0-301F-11D3-BF4B-00C04F79EFBC}") = "Bai1", "Bai1\WindowsFormsApp1\Bai1.csproj", "{4C6B1024-9309-499A-9085-B718E84088E2}"
EndProject
Project("{FAE04EC0-301F-11D3-BF4B-00C04F79EFBC}") = "Bai3", "Bai3\ex3_lab3\Bai3.csproj", "{2F314E22-3206-4811-A44E-B97EBB34E41F}"
EndProject
Project("{FAE04EC0-301F-11D3-BF4B-00C04F79EFBC}") = "Bai2", "Bai2\telnet TCP\Bai2.csproj", "{5A7402F1-163A-440B-84BB-F6669865E53B}"
EndProject
Global
	GlobalSection(SolutionConfigurationPlatforms) = preSolution
		Debug|Any CPU = Debug|Any CPU
		Release|Any CPU = Release|Any CPU
	EndGlobalSection
	GlobalSection(ProjectConfigurationPlatforms) = postSolution
		{79A7FA25-AB5F-4DFA-9A4F-F4969CF7EF88}.Debug|Any CPU.ActiveCfg = Debug|Any CPU
		{79A7FA25-AB5F-4DFA-9A4F-F4969CF7EF88}.Debug|Any CPU.Build.0 = Debug|Any CPU
		{79A7FA25-AB5F-4DFA-9A4F-F4969CF7EF88}.Release|Any CPU.ActiveCfg = Release|Any CPU
		{79A7FA25-AB5F-4DFA-9A4F-F4969CF7EF88}.Release|Any CPU.Build.0 = Release|Any CPU
		{6069CD8A-92A4-4E4B-99B4-DB646993CE77}.Debug|Any CPU.ActiveCfg = Debug|Any CPU
		{6069CD8A-92A4-4E4B-99B4-DB646993CE77}.Debug|Any CPU.Build.0 = Debug|Any CPU
		{6069CD8A-92A4-4E4B-99B4-DB646993CE77}.Release|Any CPU.ActiveCfg = Release|Any CPU
		{6069CD8A-92A4-4E4B-99B4-DB646993CE77}.Release|Any CPU.Build.0 = Release|Any CPU
		{4C6B1024-9309-499A-9085-B718E84088E2}.Debug|Any CPU.ActiveCfg = Debug|Any CPU
		{4C6B1024-9309-499A-9085-B718E84088E2}.Debug|Any CPU.Build.0 = Debug|Any CPU
		{4C6B1024-9309-499A-9085-B718E84088E2}.Release|Any CPU.ActiveCfg = Release|Any CPU
		{4C6B1024-9309-499A-9085-B718E84088E2}.Release|Any CPU.Build.0 = Release|Any CPU
		{2F314E22-3206-4811-A44E-B97EBB34E41F}.Debug|Any CPU.ActiveCfg = Debug|Any CPU
		{2F314E22-3206-4811-A44E-B97EBB34E41F}.Debug|Any CPU.Build.0 = Debug|Any CPU
		{2F314E22-3206-4811-A44E-B97EBB34E41F}.Release|Any CPU.ActiveCfg = Release|Any CPU
		{2F314E22-3206-4811-A44E-B97EBB34E41F}.Release|Any CPU.Build.0 = Release|Any CPU
		{5A7402F1-163A-440B-84BB-F6669865E53B}.Debug|Any CPU.ActiveCfg = Debug|Any CPU
		{5A7402F1-163A-440B-84BB-F6669865E53B}.Debug|Any CPU.Build.0 = Debug|Any CPU
		{5A7402F1-163A-440B-84BB-F6669865E53B}.Release|Any CPU.ActiveCfg = Release|Any CPU
		{5A7402F1-163A-440B-84BB-F6669865E53B}.Release|Any CPU.Build.0 = Release|Any CPU
	EndGlobalSection
	GlobalSection(SolutionProperties) = preSolution
		HideSolutionNode = FALSE
	EndGlobalSection
	GlobalSection(ExtensibilityGlobals) = postSolution
		SolutionGuid = {885E866F-4EEE-476E-BA83-3C172ECEA834}
	EndGlobalSection
EndGlobal
