
Microsoft Visual Studio Solution File, Format Version 12.00
# Visual Studio Version 17
VisualStudioVersion = 17.5.33502.453
MinimumVisualStudioVersion = 10.0.40219.1
Project("{FAE04EC0-301F-11D3-BF4B-00C04F79EFBC}") = "Bài 2", "Bài 2\Bài 2.csproj", "{D3FCC18F-F890-4D28-89E3-E845296E7727}"
EndProject
Global
	GlobalSection(SolutionConfigurationPlatforms) = preSolution
		Debug|Any CPU = Debug|Any CPU
		Release|Any CPU = Release|Any CPU
	EndGlobalSection
	GlobalSection(ProjectConfigurationPlatforms) = postSolution
		{D3FCC18F-F890-4D28-89E3-E845296E7727}.Debug|Any CPU.ActiveCfg = Debug|Any CPU
		{D3FCC18F-F890-4D28-89E3-E845296E7727}.Debug|Any CPU.Build.0 = Debug|Any CPU
		{D3FCC18F-F890-4D28-89E3-E845296E7727}.Release|Any CPU.ActiveCfg = Release|Any CPU
		{D3FCC18F-F890-4D28-89E3-E845296E7727}.Release|Any CPU.Build.0 = Release|Any CPU
	EndGlobalSection
	GlobalSection(SolutionProperties) = preSolution
		HideSolutionNode = FALSE
	EndGlobalSection
	GlobalSection(ExtensibilityGlobals) = postSolution
		SolutionGuid = {3455B438-2305-4E6E-B216-37A98478B9F9}
	EndGlobalSection
EndGlobal
