
Microsoft Visual Studio Solution File, Format Version 12.00
# Visual Studio Version 17
VisualStudioVersion = 17.5.33530.505
MinimumVisualStudioVersion = 10.0.40219.1
Project("{FAE04EC0-301F-11D3-BF4B-00C04F79EFBC}") = "Bai4", "Bai4\Bai4.csproj", "{86C65B49-2F64-49A9-8183-B2CA971925A7}"
EndProject
Global
	GlobalSection(SolutionConfigurationPlatforms) = preSolution
		Debug|Any CPU = Debug|Any CPU
		Release|Any CPU = Release|Any CPU
	EndGlobalSection
	GlobalSection(ProjectConfigurationPlatforms) = postSolution
		{86C65B49-2F64-49A9-8183-B2CA971925A7}.Debug|Any CPU.ActiveCfg = Debug|Any CPU
		{86C65B49-2F64-49A9-8183-B2CA971925A7}.Debug|Any CPU.Build.0 = Debug|Any CPU
		{86C65B49-2F64-49A9-8183-B2CA971925A7}.Release|Any CPU.ActiveCfg = Release|Any CPU
		{86C65B49-2F64-49A9-8183-B2CA971925A7}.Release|Any CPU.Build.0 = Release|Any CPU
	EndGlobalSection
	GlobalSection(SolutionProperties) = preSolution
		HideSolutionNode = FALSE
	EndGlobalSection
	GlobalSection(ExtensibilityGlobals) = postSolution
		SolutionGuid = {6F68DABE-C731-473E-B8CF-F353B0CC5D61}
	EndGlobalSection
EndGlobal
