
Microsoft Visual Studio Solution File, Format Version 12.00
# Visual Studio Version 17
VisualStudioVersion = 17.5.33530.505
MinimumVisualStudioVersion = 10.0.40219.1
Project("{FAE04EC0-301F-11D3-BF4B-00C04F79EFBC}") = "Communicate", "Communicate.csproj", "{3B72961A-B411-4FC8-8557-F3CA7342170F}"
EndProject
Project("{FAE04EC0-301F-11D3-BF4B-00C04F79EFBC}") = "Forms", "..\Forms\Forms.csproj", "{A89AE27A-50E4-41A7-A86B-91CED5E23AC3}"
EndProject
Project("{FAE04EC0-301F-11D3-BF4B-00C04F79EFBC}") = "SQL Connection", "..\Server\SQL Connection\SQL Connection.csproj", "{08459C43-9D61-4C2B-82E6-4571A6D91C05}"
EndProject
Project("{FAE04EC0-301F-11D3-BF4B-00C04F79EFBC}") = "Get_response_using_API", "..\Server\Get_response_using_API\Get_response_using_API.csproj", "{C9F39A9B-F60B-434D-903B-465745AA5840}"
EndProject
Project("{FAE04EC0-301F-11D3-BF4B-00C04F79EFBC}") = "Library Football", "..\Server\Server\league\Library Football.csproj", "{AC82B139-D9FD-4EE0-A17D-0AF422372CC3}"
EndProject
Global
	GlobalSection(SolutionConfigurationPlatforms) = preSolution
		Debug|Any CPU = Debug|Any CPU
		Release|Any CPU = Release|Any CPU
	EndGlobalSection
	GlobalSection(ProjectConfigurationPlatforms) = postSolution
		{3B72961A-B411-4FC8-8557-F3CA7342170F}.Debug|Any CPU.ActiveCfg = Debug|Any CPU
		{3B72961A-B411-4FC8-8557-F3CA7342170F}.Debug|Any CPU.Build.0 = Debug|Any CPU
		{3B72961A-B411-4FC8-8557-F3CA7342170F}.Release|Any CPU.ActiveCfg = Release|Any CPU
		{3B72961A-B411-4FC8-8557-F3CA7342170F}.Release|Any CPU.Build.0 = Release|Any CPU
		{A89AE27A-50E4-41A7-A86B-91CED5E23AC3}.Debug|Any CPU.ActiveCfg = Debug|Any CPU
		{A89AE27A-50E4-41A7-A86B-91CED5E23AC3}.Debug|Any CPU.Build.0 = Debug|Any CPU
		{A89AE27A-50E4-41A7-A86B-91CED5E23AC3}.Release|Any CPU.ActiveCfg = Release|Any CPU
		{A89AE27A-50E4-41A7-A86B-91CED5E23AC3}.Release|Any CPU.Build.0 = Release|Any CPU
		{08459C43-9D61-4C2B-82E6-4571A6D91C05}.Debug|Any CPU.ActiveCfg = Debug|Any CPU
		{08459C43-9D61-4C2B-82E6-4571A6D91C05}.Debug|Any CPU.Build.0 = Debug|Any CPU
		{08459C43-9D61-4C2B-82E6-4571A6D91C05}.Release|Any CPU.ActiveCfg = Release|Any CPU
		{08459C43-9D61-4C2B-82E6-4571A6D91C05}.Release|Any CPU.Build.0 = Release|Any CPU
		{C9F39A9B-F60B-434D-903B-465745AA5840}.Debug|Any CPU.ActiveCfg = Debug|Any CPU
		{C9F39A9B-F60B-434D-903B-465745AA5840}.Debug|Any CPU.Build.0 = Debug|Any CPU
		{C9F39A9B-F60B-434D-903B-465745AA5840}.Release|Any CPU.ActiveCfg = Release|Any CPU
		{C9F39A9B-F60B-434D-903B-465745AA5840}.Release|Any CPU.Build.0 = Release|Any CPU
		{AC82B139-D9FD-4EE0-A17D-0AF422372CC3}.Debug|Any CPU.ActiveCfg = Debug|Any CPU
		{AC82B139-D9FD-4EE0-A17D-0AF422372CC3}.Debug|Any CPU.Build.0 = Debug|Any CPU
		{AC82B139-D9FD-4EE0-A17D-0AF422372CC3}.Release|Any CPU.ActiveCfg = Release|Any CPU
		{AC82B139-D9FD-4EE0-A17D-0AF422372CC3}.Release|Any CPU.Build.0 = Release|Any CPU
	EndGlobalSection
	GlobalSection(SolutionProperties) = preSolution
		HideSolutionNode = FALSE
	EndGlobalSection
	GlobalSection(ExtensibilityGlobals) = postSolution
		SolutionGuid = {7B861F08-4EAA-4917-A2FE-EB8F36126CCE}
	EndGlobalSection
EndGlobal
