
Microsoft Visual Studio Solution File, Format Version 12.00
# Visual Studio Version 17
VisualStudioVersion = 17.5.33530.505
MinimumVisualStudioVersion = 10.0.40219.1
Project("{FAE04EC0-301F-11D3-BF4B-00C04F79EFBC}") = "ResponseJsonDataSructure", "ResponseJsonDataSructure.csproj", "{33E0F8B3-61DB-4D33-8195-625549C18F94}"
EndProject
Project("{FAE04EC0-301F-11D3-BF4B-00C04F79EFBC}") = "LibraryFootBall", "LibraryFootBall\LibraryFootBall.csproj", "{AC82B139-D9FD-4EE0-A17D-0AF422372CC3}"
EndProject
Global
	GlobalSection(SolutionConfigurationPlatforms) = preSolution
		Debug|Any CPU = Debug|Any CPU
		Release|Any CPU = Release|Any CPU
	EndGlobalSection
	GlobalSection(ProjectConfigurationPlatforms) = postSolution
		{33E0F8B3-61DB-4D33-8195-625549C18F94}.Debug|Any CPU.ActiveCfg = Debug|Any CPU
		{33E0F8B3-61DB-4D33-8195-625549C18F94}.Debug|Any CPU.Build.0 = Debug|Any CPU
		{33E0F8B3-61DB-4D33-8195-625549C18F94}.Release|Any CPU.ActiveCfg = Release|Any CPU
		{33E0F8B3-61DB-4D33-8195-625549C18F94}.Release|Any CPU.Build.0 = Release|Any CPU
		{AC82B139-D9FD-4EE0-A17D-0AF422372CC3}.Debug|Any CPU.ActiveCfg = Debug|Any CPU
		{AC82B139-D9FD-4EE0-A17D-0AF422372CC3}.Debug|Any CPU.Build.0 = Debug|Any CPU
		{AC82B139-D9FD-4EE0-A17D-0AF422372CC3}.Release|Any CPU.ActiveCfg = Release|Any CPU
		{AC82B139-D9FD-4EE0-A17D-0AF422372CC3}.Release|Any CPU.Build.0 = Release|Any CPU
	EndGlobalSection
	GlobalSection(SolutionProperties) = preSolution
		HideSolutionNode = FALSE
	EndGlobalSection
	GlobalSection(ExtensibilityGlobals) = postSolution
		SolutionGuid = {A536D391-2B1D-4BA3-8304-03A56D146130}
	EndGlobalSection
EndGlobal
