
Microsoft Visual Studio Solution File, Format Version 12.00
# Visual Studio Version 17
VisualStudioVersion = 17.5.33502.453
MinimumVisualStudioVersion = 10.0.40219.1
Project("{FAE04EC0-301F-11D3-BF4B-00C04F79EFBC}") = "WindowsFormsApp1", "WindowsFormsApp1\WindowsFormsApp1.csproj", "{4C6B1024-9309-499A-9085-B718E84088E2}"
EndProject
Global
	GlobalSection(SolutionConfigurationPlatforms) = preSolution
		Debug|Any CPU = Debug|Any CPU
		Release|Any CPU = Release|Any CPU
	EndGlobalSection
	GlobalSection(ProjectConfigurationPlatforms) = postSolution
		{4C6B1024-9309-499A-9085-B718E84088E2}.Debug|Any CPU.ActiveCfg = Debug|Any CPU
		{4C6B1024-9309-499A-9085-B718E84088E2}.Debug|Any CPU.Build.0 = Debug|Any CPU
		{4C6B1024-9309-499A-9085-B718E84088E2}.Release|Any CPU.ActiveCfg = Release|Any CPU
		{4C6B1024-9309-499A-9085-B718E84088E2}.Release|Any CPU.Build.0 = Release|Any CPU
	EndGlobalSection
	GlobalSection(SolutionProperties) = preSolution
		HideSolutionNode = FALSE
	EndGlobalSection
	GlobalSection(ExtensibilityGlobals) = postSolution
		SolutionGuid = {EB4E05CF-42C4-43EB-AE12-72794FE8F600}
	EndGlobalSection
EndGlobal
